// !$*UTF8*$!
{
	archiveVersion = 1;
	classes = {
	};
	objectVersion = 46;
	objects = {

/* Begin PBXBuildFile section */
		6368B71217F964BE00A5AA03 /* card_shuffle.1 in CopyFiles */ = {isa = PBXBuildFile; fileRef = 6368B71117F964BE00A5AA03 /* card_shuffle.1 */; };
		6368B71A17F9650300A5AA03 /* card_shuffle.c in Sources */ = {isa = PBXBuildFile; fileRef = 6368B71817F9650300A5AA03 /* card_shuffle.c */; };
/* End PBXBuildFile section */

/* Begin PBXCopyFilesBuildPhase section */
		6368B70A17F964BE00A5AA03 /* CopyFiles */ = {
			isa = PBXCopyFilesBuildPhase;
			buildActionMask = 2147483647;
			dstPath = /usr/share/man/man1/;
			dstSubfolderSpec = 0;
			files = (
				6368B71217F964BE00A5AA03 /* card_shuffle.1 in CopyFiles */,
			);
			runOnlyForDeploymentPostprocessing = 1;
		};
/* End PBXCopyFilesBuildPhase section */

/* Begin PBXFileReference section */
		6368B70C17F964BE00A5AA03 /* card_shuffle */ = {isa = PBXFileReference; explicitFileType = "compiled.mach-o.executable"; includeInIndex = 0; path = card_shuffle; sourceTree = BUILT_PRODUCTS_DIR; };
		6368B71117F964BE00A5AA03 /* card_shuffle.1 */ = {isa = PBXFileReference; lastKnownFileType = text.man; path = card_shuffle.1; sourceTree = "<group>"; };
		6368B71817F9650300A5AA03 /* card_shuffle.c */ = {isa = PBXFileReference; fileEncoding = 4; lastKnownFileType = sourcecode.c.c; path = card_shuffle.c; sourceTree = "<group>"; };
		6368B71917F9650300A5AA03 /* card_shuffle.h */ = {isa = PBXFileReference; fileEncoding = 4; lastKnownFileType = sourcecode.c.h; path = card_shuffle.h; sourceTree = "<group>"; };
/* End PBXFileReference section */

/* Begin PBXFrameworksBuildPhase section */
		6368B70917F964BE00A5AA03 /* Frameworks */ = {
			isa = PBXFrameworksBuildPhase;
			buildActionMask = 2147483647;
			files = (
			);
			runOnlyForDeploymentPostprocessing = 0;
		};
/* End PBXFrameworksBuildPhase section */

/* Begin PBXGroup section */
		6368B70317F964BE00A5AA03 = {
			isa = PBXGroup;
			children = (
				6368B70E17F964BE00A5AA03 /* card_shuffle */,
				6368B70D17F964BE00A5AA03 /* Products */,
			);
			sourceTree = "<group>";
		};
		6368B70D17F964BE00A5AA03 /* Products */ = {
			isa = PBXGroup;
			children = (
				6368B70C17F964BE00A5AA03 /* card_shuffle */,
			);
			name = Products;
			sourceTree = "<group>";
		};
		6368B70E17F964BE00A5AA03 /* card_shuffle */ = {
			isa = PBXGroup;
			children = (
				6368B71817F9650300A5AA03 /* card_shuffle.c */,
				6368B71917F9650300A5AA03 /* card_shuffle.h */,
				6368B71117F964BE00A5AA03 /* card_shuffle.1 */,
			);
			path = card_shuffle;
			sourceTree = "<group>";
		};
/* End PBXGroup section */

/* Begin PBXNativeTarget section */
		6368B70B17F964BE00A5AA03 /* card_shuffle */ = {
			isa = PBXNativeTarget;
			buildConfigurationList = 6368B71517F964BE00A5AA03 /* Build configuration list for PBXNativeTarget "card_shuffle" */;
			buildPhases = (
				6368B70817F964BE00A5AA03 /* Sources */,
				6368B70917F964BE00A5AA03 /* Frameworks */,
				6368B70A17F964BE00A5AA03 /* CopyFiles */,
			);
			buildRules = (
			);
			dependencies = (
			);
			name = card_shuffle;
			productName = card_shuffle;
			productReference = 6368B70C17F964BE00A5AA03 /* card_shuffle */;
			productType = "com.apple.product-type.tool";
		};
/* End PBXNativeTarget section */

/* Begin PBXProject section */
		6368B70417F964BE00A5AA03 /* Project object */ = {
			isa = PBXProject;
			attributes = {
				LastUpgradeCheck = 0460;
				ORGANIZATIONNAME = "David Bulnes";
			};
			buildConfigurationList = 6368B70717F964BE00A5AA03 /* Build configuration list for PBXProject "card_shuffle" */;
			compatibilityVersion = "Xcode 3.2";
			developmentRegion = English;
			hasScannedForEncodings = 0;
			knownRegions = (
				en,
			);
			mainGroup = 6368B70317F964BE00A5AA03;
			productRefGroup = 6368B70D17F964BE00A5AA03 /* Products */;
			projectDirPath = "";
			projectRoot = "";
			targets = (
				6368B70B17F964BE00A5AA03 /* card_shuffle */,
			);
		};
/* End PBXProject section */

/* Begin PBXSourcesBuildPhase section */
		6368B70817F964BE00A5AA03 /* Sources */ = {
			isa = PBXSourcesBuildPhase;
			buildActionMask = 2147483647;
			files = (
				6368B71A17F9650300A5AA03 /* card_shuffle.c in Sources */,
			);
			runOnlyForDeploymentPostprocessing = 0;
		};
/* End PBXSourcesBuildPhase section */

/* Begin XCBuildConfiguration section */
		6368B71317F964BE00A5AA03 /* Debug */ = {
			isa = XCBuildConfiguration;
			buildSettings = {
				ALWAYS_SEARCH_USER_PATHS = NO;
				ARCHS = "$(ARCHS_STANDARD_64_BIT)";
				CLANG_CXX_LANGUAGE_STANDARD = "gnu++0x";
				CLANG_CXX_LIBRARY = "libc++";
				CLANG_WARN_CONSTANT_CONVERSION = YES;
				CLANG_WARN_EMPTY_BODY = YES;
				CLANG_WARN_ENUM_CONVERSION = YES;
				CLANG_WARN_INT_CONVERSION = YES;
				CLANG_WARN__DUPLICATE_METHOD_MATCH = YES;
				COPY_PHASE_STRIP = NO;
				GCC_C_LANGUAGE_STANDARD = gnu99;
				GCC_DYNAMIC_NO_PIC = NO;
				GCC_ENABLE_OBJC_EXCEPTIONS = YES;
				GCC_OPTIMIZATION_LEVEL = 0;
				GCC_PREPROCESSOR_DEFINITIONS = (
					"DEBUG=1",
					"$(inherited)",
				);
				GCC_SYMBOLS_PRIVATE_EXTERN = NO;
				GCC_WARN_64_TO_32_BIT_CONVERSION = YES;
				GCC_WARN_ABOUT_RETURN_TYPE = YES;
				GCC_WARN_UNINITIALIZED_AUTOS = YES;
				GCC_WARN_UNUSED_VARIABLE = YES;
				MACOSX_DEPLOYMENT_TARGET = 10.8;
				ONLY_ACTIVE_ARCH = YES;
				SDKROOT = macosx;
			};
			name = Debug;
		};
		6368B71417F964BE00A5AA03 /* Release */ = {
			isa = XCBuildConfiguration;
			buildSettings = {
				ALWAYS_SEARCH_USER_PATHS = NO;
				ARCHS = "$(ARCHS_STANDARD_64_BIT)";
				CLANG_CXX_LANGUAGE_STANDARD = "gnu++0x";
				CLANG_CXX_LIBRARY = "libc++";
				CLANG_WARN_CONSTANT_CONVERSION = YES;
				CLANG_WARN_EMPTY_BODY = YES;
				CLANG_WARN_ENUM_CONVERSION = YES;
				CLANG_WARN_INT_CONVERSION = YES;
				CLANG_WARN__DUPLICATE_METHOD_MATCH = YES;
				COPY_PHASE_STRIP = YES;
				DEBUG_INFORMATION_FORMAT = "dwarf-with-dsym";
				GCC_C_LANGUAGE_STANDARD = gnu99;
				GCC_ENABLE_OBJC_EXCEPTIONS = YES;
				GCC_WARN_64_TO_32_BIT_CONVERSION = YES;
				GCC_WARN_ABOUT_RETURN_TYPE = YES;
				GCC_WARN_UNINITIALIZED_AUTOS = YES;
				GCC_WARN_UNUSED_VARIABLE = YES;
				MACOSX_DEPLOYMENT_TARGET = 10.8;
				SDKROOT = macosx;
			};
			name = Release;
		};
		6368B71617F964BE00A5AA03 /* Debug */ = {
			isa = XCBuildConfiguration;
			buildSettings = {
				PRODUCT_NAME = "$(TARGET_NAME)";
			};
			name = Debug;
		};
		6368B71717F964BE00A5AA03 /* Release */ = {
			isa = XCBuildConfiguration;
			buildSettings = {
				PRODUCT_NAME = "$(TARGET_NAME)";
			};
			name = Release;
		};
/* End XCBuildConfiguration section */

/* Begin XCConfigurationList section */
		6368B70717F964BE00A5AA03 /* Build configuration list for PBXProject "card_shuffle" */ = {
			isa = XCConfigurationList;
			buildConfigurations = (
				6368B71317F964BE00A5AA03 /* Debug */,
				6368B71417F964BE00A5AA03 /* Release */,
			);
			defaultConfigurationIsVisible = 0;
			defaultConfigurationName = Release;
		};
		6368B71517F964BE00A5AA03 /* Build configuration list for PBXNativeTarget "card_shuffle" */ = {
			isa = XCConfigurationList;
			buildConfigurations = (
				6368B71617F964BE00A5AA03 /* Debug */,
				6368B71717F964BE00A5AA03 /* Release */,
			);
			defaultConfigurationIsVisible = 0;
			defaultConfigurationName = Release;
		};
/* End XCConfigurationList section */
	};
	rootObject = 6368B70417F964BE00A5AA03 /* Project object */;
}
